<?xml version="1.0" encoding="utf-8"?>
<Project ToolsVersion="4.0" xmlns="http://schemas.microsoft.com/developer/msbuild/2003">
  <ItemGroup>
    <ClInclude Include="Utility\file.hpp" />
    <ClInclude Include="shader.hpp" />
    <ClInclude Include="vertex_array.hpp" />
    <ClInclude Include="app.hpp" />
    <ClInclude Include="app\func.hpp" />
    <ClInclude Include="app\handle.hpp" />
    <ClInclude Include="app\time_keeper.hpp" />
    <ClInclude Include="rainbow_cube.hpp" />
    <ClInclude Include="light_cube.hpp" />
    <ClInclude Include="cube.hpp" />
  </ItemGroup>
  <ItemGroup>
    <ClCompile Include="Utility\file.cpp" />
    <ClCompile Include="shader.cpp" />
    <ClCompile Include="main.cpp" />
    <ClCompile Include="app.cpp" />
    <ClCompile Include="app\func.cpp" />
    <ClCompile Include="app\time_keeper.cpp" />
    <ClCompile Include="rainbow_cube.cpp" />
    <ClCompile Include="light_cube.cpp" />
    <ClCompile Include="vertex_array.cpp" />
    <ClCompile Include="cube.cpp" />
  </ItemGroup>
  <ItemGroup>
    <None Include="ShaderFile\rainbow_cube\shader.frag" />
    <None Include="ShaderFile\rainbow_cube\shader.vert" />
    <None Include="ShaderFile\light_cube\shader.vert" />
    <None Include="ShaderFile\light_cube\shader.frag" />
    <None Include="ShaderFile\cube\shader.vert" />
    <None Include="ShaderFile\cube\shader.frag" />
  </ItemGroup>
</Project>